
Microsoft Visual Studio Solution File, Format Version 12.00
# Visual Studio Version 17
VisualStudioVersion = 17.4.33103.184
MinimumVisualStudioVersion = 10.0.40219.1
Project("{9A19103F-16F7-4668-BE54-9A1E7A4F7556}") = "JobApplicationLibrary", "JobApplicationLibrary\JobApplicationLibrary.csproj", "{BBBE30B5-69F4-45D4-98B5-B29578774DA0}"
EndProject
Project("{9A19103F-16F7-4668-BE54-9A1E7A4F7556}") = "JobApplicationLibrary_UnitTest", "JobApplicationLibrary.UnitTest\JobApplicationLibrary_UnitTest.csproj", "{5D51DC80-3F6A-4964-8060-E2666978A873}"
	ProjectSection(ProjectDependencies) = postProject
		{BBBE30B5-69F4-45D4-98B5-B29578774DA0} = {BBBE30B5-69F4-45D4-98B5-B29578774DA0}
	EndProjectSection
EndProject
Global
	GlobalSection(SolutionConfigurationPlatforms) = preSolution
		Debug|Any CPU = Debug|Any CPU
		Release|Any CPU = Release|Any CPU
	EndGlobalSection
	GlobalSection(ProjectConfigurationPlatforms) = postSolution
		{BBBE30B5-69F4-45D4-98B5-B29578774DA0}.Debug|Any CPU.ActiveCfg = Debug|Any CPU
		{BBBE30B5-69F4-45D4-98B5-B29578774DA0}.Debug|Any CPU.Build.0 = Debug|Any CPU
		{BBBE30B5-69F4-45D4-98B5-B29578774DA0}.Release|Any CPU.ActiveCfg = Release|Any CPU
		{BBBE30B5-69F4-45D4-98B5-B29578774DA0}.Release|Any CPU.Build.0 = Release|Any CPU
		{5D51DC80-3F6A-4964-8060-E2666978A873}.Debug|Any CPU.ActiveCfg = Debug|Any CPU
		{5D51DC80-3F6A-4964-8060-E2666978A873}.Debug|Any CPU.Build.0 = Debug|Any CPU
		{5D51DC80-3F6A-4964-8060-E2666978A873}.Release|Any CPU.ActiveCfg = Release|Any CPU
		{5D51DC80-3F6A-4964-8060-E2666978A873}.Release|Any CPU.Build.0 = Release|Any CPU
	EndGlobalSection
	GlobalSection(SolutionProperties) = preSolution
		HideSolutionNode = FALSE
	EndGlobalSection
	GlobalSection(ExtensibilityGlobals) = postSolution
		SolutionGuid = {FD59C4D2-3EB1-4B3D-92B1-28C261B72ABA}
	EndGlobalSection
EndGlobal
